// !$*UTF8*$!
{
	archiveVersion = 1;
	classes = {
	};
	objectVersion = 56;
	objects = {

/* Begin PBXBuildFile section */
		388E658F2B7B6ABF00901155 /* main.cpp in Sources */ = {isa = PBXBuildFile; fileRef = 388E658E2B7B6ABF00901155 /* main.cpp */; };
		388E65972B7B6DD600901155 /* figure.cpp in Sources */ = {isa = PBXBuildFile; fileRef = 388E65952B7B6DD600901155 /* figure.cpp */; };
		388E659A2B7B705400901155 /* triangle.cpp in Sources */ = {isa = PBXBuildFile; fileRef = 388E65982B7B705400901155 /* triangle.cpp */; };
		388E659D2B7B734B00901155 /* righttriangle.cpp in Sources */ = {isa = PBXBuildFile; fileRef = 388E659B2B7B734B00901155 /* righttriangle.cpp */; };
		388E65A02B7B7D3D00901155 /* isoscelestriangle.cpp in Sources */ = {isa = PBXBuildFile; fileRef = 388E659E2B7B7D3D00901155 /* isoscelestriangle.cpp */; };
		388E65A32B7B7E2000901155 /* equilateraltriangle.cpp in Sources */ = {isa = PBXBuildFile; fileRef = 388E65A12B7B7E2000901155 /* equilateraltriangle.cpp */; };
		388E65A62B7B7EED00901155 /* quadrangle.cpp in Sources */ = {isa = PBXBuildFile; fileRef = 388E65A42B7B7EED00901155 /* quadrangle.cpp */; };
		388E65A92B7B800600901155 /* parallelogram.cpp in Sources */ = {isa = PBXBuildFile; fileRef = 388E65A72B7B800600901155 /* parallelogram.cpp */; };
		388E65AC2B7B806200901155 /* rectangle.cpp in Sources */ = {isa = PBXBuildFile; fileRef = 388E65AA2B7B806200901155 /* rectangle.cpp */; };
		388E65AF2B7B81EB00901155 /* square.cpp in Sources */ = {isa = PBXBuildFile; fileRef = 388E65AD2B7B81EB00901155 /* square.cpp */; };
		388E65B22B7B825400901155 /* rhombus.cpp in Sources */ = {isa = PBXBuildFile; fileRef = 388E65B02B7B825400901155 /* rhombus.cpp */; };
		388E65B52B7B82DF00901155 /* print.cpp in Sources */ = {isa = PBXBuildFile; fileRef = 388E65B32B7B82DF00901155 /* print.cpp */; };
		388E66042B8B8C6D00901155 /* GeometryExceptions.cpp in Sources */ = {isa = PBXBuildFile; fileRef = 388E66022B8B8C6D00901155 /* GeometryExceptions.cpp */; };
/* End PBXBuildFile section */

/* Begin PBXCopyFilesBuildPhase section */
		388E65892B7B6ABF00901155 /* CopyFiles */ = {
			isa = PBXCopyFilesBuildPhase;
			buildActionMask = 2147483647;
			dstPath = /usr/share/man/man1/;
			dstSubfolderSpec = 0;
			files = (
			);
			runOnlyForDeploymentPostprocessing = 1;
		};
/* End PBXCopyFilesBuildPhase section */

/* Begin PBXFileReference section */
		388E658B2B7B6ABF00901155 /* MultifileTask3 */ = {isa = PBXFileReference; explicitFileType = "compiled.mach-o.executable"; includeInIndex = 0; path = MultifileTask3; sourceTree = BUILT_PRODUCTS_DIR; };
		388E658E2B7B6ABF00901155 /* main.cpp */ = {isa = PBXFileReference; lastKnownFileType = sourcecode.cpp.cpp; path = main.cpp; sourceTree = "<group>"; };
		388E65952B7B6DD600901155 /* figure.cpp */ = {isa = PBXFileReference; lastKnownFileType = sourcecode.cpp.cpp; path = figure.cpp; sourceTree = "<group>"; };
		388E65962B7B6DD600901155 /* figure.hpp */ = {isa = PBXFileReference; lastKnownFileType = sourcecode.cpp.h; path = figure.hpp; sourceTree = "<group>"; };
		388E65982B7B705400901155 /* triangle.cpp */ = {isa = PBXFileReference; lastKnownFileType = sourcecode.cpp.cpp; path = triangle.cpp; sourceTree = "<group>"; };
		388E65992B7B705400901155 /* triangle.hpp */ = {isa = PBXFileReference; lastKnownFileType = sourcecode.cpp.h; path = triangle.hpp; sourceTree = "<group>"; };
		388E659B2B7B734B00901155 /* righttriangle.cpp */ = {isa = PBXFileReference; lastKnownFileType = sourcecode.cpp.cpp; path = righttriangle.cpp; sourceTree = "<group>"; };
		388E659C2B7B734B00901155 /* righttriangle.hpp */ = {isa = PBXFileReference; lastKnownFileType = sourcecode.cpp.h; path = righttriangle.hpp; sourceTree = "<group>"; };
		388E659E2B7B7D3D00901155 /* isoscelestriangle.cpp */ = {isa = PBXFileReference; lastKnownFileType = sourcecode.cpp.cpp; path = isoscelestriangle.cpp; sourceTree = "<group>"; };
		388E659F2B7B7D3D00901155 /* isoscelestriangle.hpp */ = {isa = PBXFileReference; lastKnownFileType = sourcecode.cpp.h; path = isoscelestriangle.hpp; sourceTree = "<group>"; };
		388E65A12B7B7E2000901155 /* equilateraltriangle.cpp */ = {isa = PBXFileReference; lastKnownFileType = sourcecode.cpp.cpp; path = equilateraltriangle.cpp; sourceTree = "<group>"; };
		388E65A22B7B7E2000901155 /* equilateraltriangle.hpp */ = {isa = PBXFileReference; lastKnownFileType = sourcecode.cpp.h; path = equilateraltriangle.hpp; sourceTree = "<group>"; };
		388E65A42B7B7EED00901155 /* quadrangle.cpp */ = {isa = PBXFileReference; lastKnownFileType = sourcecode.cpp.cpp; path = quadrangle.cpp; sourceTree = "<group>"; };
		388E65A52B7B7EED00901155 /* quadrangle.hpp */ = {isa = PBXFileReference; lastKnownFileType = sourcecode.cpp.h; path = quadrangle.hpp; sourceTree = "<group>"; };
		388E65A72B7B800600901155 /* parallelogram.cpp */ = {isa = PBXFileReference; lastKnownFileType = sourcecode.cpp.cpp; path = parallelogram.cpp; sourceTree = "<group>"; };
		388E65A82B7B800600901155 /* parallelogram.hpp */ = {isa = PBXFileReference; lastKnownFileType = sourcecode.cpp.h; path = parallelogram.hpp; sourceTree = "<group>"; };
		388E65AA2B7B806200901155 /* rectangle.cpp */ = {isa = PBXFileReference; lastKnownFileType = sourcecode.cpp.cpp; path = rectangle.cpp; sourceTree = "<group>"; };
		388E65AB2B7B806200901155 /* rectangle.hpp */ = {isa = PBXFileReference; lastKnownFileType = sourcecode.cpp.h; path = rectangle.hpp; sourceTree = "<group>"; };
		388E65AD2B7B81EB00901155 /* square.cpp */ = {isa = PBXFileReference; lastKnownFileType = sourcecode.cpp.cpp; path = square.cpp; sourceTree = "<group>"; };
		388E65AE2B7B81EB00901155 /* square.hpp */ = {isa = PBXFileReference; lastKnownFileType = sourcecode.cpp.h; path = square.hpp; sourceTree = "<group>"; };
		388E65B02B7B825400901155 /* rhombus.cpp */ = {isa = PBXFileReference; lastKnownFileType = sourcecode.cpp.cpp; path = rhombus.cpp; sourceTree = "<group>"; };
		388E65B12B7B825400901155 /* rhombus.hpp */ = {isa = PBXFileReference; lastKnownFileType = sourcecode.cpp.h; path = rhombus.hpp; sourceTree = "<group>"; };
		388E65B32B7B82DF00901155 /* print.cpp */ = {isa = PBXFileReference; lastKnownFileType = sourcecode.cpp.cpp; path = print.cpp; sourceTree = "<group>"; };
		388E65B42B7B82DF00901155 /* print.hpp */ = {isa = PBXFileReference; lastKnownFileType = sourcecode.cpp.h; path = print.hpp; sourceTree = "<group>"; };
		388E66022B8B8C6D00901155 /* GeometryExceptions.cpp */ = {isa = PBXFileReference; lastKnownFileType = sourcecode.cpp.cpp; path = GeometryExceptions.cpp; sourceTree = "<group>"; };
		388E66032B8B8C6D00901155 /* GeometryExceptions.hpp */ = {isa = PBXFileReference; lastKnownFileType = sourcecode.cpp.h; path = GeometryExceptions.hpp; sourceTree = "<group>"; };
/* End PBXFileReference section */

/* Begin PBXFrameworksBuildPhase section */
		388E65882B7B6ABF00901155 /* Frameworks */ = {
			isa = PBXFrameworksBuildPhase;
			buildActionMask = 2147483647;
			files = (
			);
			runOnlyForDeploymentPostprocessing = 0;
		};
/* End PBXFrameworksBuildPhase section */

/* Begin PBXGroup section */
		388E65822B7B6ABF00901155 = {
			isa = PBXGroup;
			children = (
				388E658D2B7B6ABF00901155 /* TryCatchTask2 */,
				388E658C2B7B6ABF00901155 /* Products */,
			);
			sourceTree = "<group>";
		};
		388E658C2B7B6ABF00901155 /* Products */ = {
			isa = PBXGroup;
			children = (
				388E658B2B7B6ABF00901155 /* MultifileTask3 */,
			);
			name = Products;
			sourceTree = "<group>";
		};
		388E658D2B7B6ABF00901155 /* TryCatchTask2 */ = {
			isa = PBXGroup;
			children = (
				388E658E2B7B6ABF00901155 /* main.cpp */,
				388E65952B7B6DD600901155 /* figure.cpp */,
				388E65962B7B6DD600901155 /* figure.hpp */,
				388E65982B7B705400901155 /* triangle.cpp */,
				388E65992B7B705400901155 /* triangle.hpp */,
				388E659B2B7B734B00901155 /* righttriangle.cpp */,
				388E659C2B7B734B00901155 /* righttriangle.hpp */,
				388E659E2B7B7D3D00901155 /* isoscelestriangle.cpp */,
				388E659F2B7B7D3D00901155 /* isoscelestriangle.hpp */,
				388E65A12B7B7E2000901155 /* equilateraltriangle.cpp */,
				388E65A22B7B7E2000901155 /* equilateraltriangle.hpp */,
				388E65A42B7B7EED00901155 /* quadrangle.cpp */,
				388E65A52B7B7EED00901155 /* quadrangle.hpp */,
				388E65A72B7B800600901155 /* parallelogram.cpp */,
				388E65A82B7B800600901155 /* parallelogram.hpp */,
				388E65AA2B7B806200901155 /* rectangle.cpp */,
				388E65AB2B7B806200901155 /* rectangle.hpp */,
				388E65AD2B7B81EB00901155 /* square.cpp */,
				388E65AE2B7B81EB00901155 /* square.hpp */,
				388E65B02B7B825400901155 /* rhombus.cpp */,
				388E65B12B7B825400901155 /* rhombus.hpp */,
				388E65B32B7B82DF00901155 /* print.cpp */,
				388E65B42B7B82DF00901155 /* print.hpp */,
				388E66022B8B8C6D00901155 /* GeometryExceptions.cpp */,
				388E66032B8B8C6D00901155 /* GeometryExceptions.hpp */,
			);
			path = TryCatchTask2;
			sourceTree = "<group>";
		};
/* End PBXGroup section */

/* Begin PBXNativeTarget section */
		388E658A2B7B6ABF00901155 /* MultifileTask3 */ = {
			isa = PBXNativeTarget;
			buildConfigurationList = 388E65922B7B6ABF00901155 /* Build configuration list for PBXNativeTarget "MultifileTask3" */;
			buildPhases = (
				388E65872B7B6ABF00901155 /* Sources */,
				388E65882B7B6ABF00901155 /* Frameworks */,
				388E65892B7B6ABF00901155 /* CopyFiles */,
			);
			buildRules = (
			);
			dependencies = (
			);
			name = MultifileTask3;
			productName = MultifileTask3;
			productReference = 388E658B2B7B6ABF00901155 /* MultifileTask3 */;
			productType = "com.apple.product-type.tool";
		};
/* End PBXNativeTarget section */

/* Begin PBXProject section */
		388E65832B7B6ABF00901155 /* Project object */ = {
			isa = PBXProject;
			attributes = {
				BuildIndependentTargetsInParallel = 1;
				LastUpgradeCheck = 1520;
				TargetAttributes = {
					388E658A2B7B6ABF00901155 = {
						CreatedOnToolsVersion = 15.2;
					};
				};
			};
			buildConfigurationList = 388E65862B7B6ABF00901155 /* Build configuration list for PBXProject "TryCatchTask2" */;
			compatibilityVersion = "Xcode 14.0";
			developmentRegion = en;
			hasScannedForEncodings = 0;
			knownRegions = (
				en,
				Base,
			);
			mainGroup = 388E65822B7B6ABF00901155;
			productRefGroup = 388E658C2B7B6ABF00901155 /* Products */;
			projectDirPath = "";
			projectRoot = "";
			targets = (
				388E658A2B7B6ABF00901155 /* MultifileTask3 */,
			);
		};
/* End PBXProject section */

/* Begin PBXSourcesBuildPhase section */
		388E65872B7B6ABF00901155 /* Sources */ = {
			isa = PBXSourcesBuildPhase;
			buildActionMask = 2147483647;
			files = (
				388E658F2B7B6ABF00901155 /* main.cpp in Sources */,
				388E659A2B7B705400901155 /* triangle.cpp in Sources */,
				388E65AF2B7B81EB00901155 /* square.cpp in Sources */,
				388E659D2B7B734B00901155 /* righttriangle.cpp in Sources */,
				388E65A32B7B7E2000901155 /* equilateraltriangle.cpp in Sources */,
				388E65B22B7B825400901155 /* rhombus.cpp in Sources */,
				388E65972B7B6DD600901155 /* figure.cpp in Sources */,
				388E65A92B7B800600901155 /* parallelogram.cpp in Sources */,
				388E65AC2B7B806200901155 /* rectangle.cpp in Sources */,
				388E65A62B7B7EED00901155 /* quadrangle.cpp in Sources */,
				388E65A02B7B7D3D00901155 /* isoscelestriangle.cpp in Sources */,
				388E65B52B7B82DF00901155 /* print.cpp in Sources */,
				388E66042B8B8C6D00901155 /* GeometryExceptions.cpp in Sources */,
			);
			runOnlyForDeploymentPostprocessing = 0;
		};
/* End PBXSourcesBuildPhase section */

/* Begin XCBuildConfiguration section */
		388E65902B7B6ABF00901155 /* Debug */ = {
			isa = XCBuildConfiguration;
			buildSettings = {
				ALWAYS_SEARCH_USER_PATHS = NO;
				ASSETCATALOG_COMPILER_GENERATE_SWIFT_ASSET_SYMBOL_EXTENSIONS = YES;
				CLANG_ANALYZER_NONNULL = YES;
				CLANG_ANALYZER_NUMBER_OBJECT_CONVERSION = YES_AGGRESSIVE;
				CLANG_CXX_LANGUAGE_STANDARD = "gnu++20";
				CLANG_ENABLE_MODULES = YES;
				CLANG_ENABLE_OBJC_ARC = YES;
				CLANG_ENABLE_OBJC_WEAK = YES;
				CLANG_WARN_BLOCK_CAPTURE_AUTORELEASING = YES;
				CLANG_WARN_BOOL_CONVERSION = YES;
				CLANG_WARN_COMMA = YES;
				CLANG_WARN_CONSTANT_CONVERSION = YES;
				CLANG_WARN_DEPRECATED_OBJC_IMPLEMENTATIONS = YES;
				CLANG_WARN_DIRECT_OBJC_ISA_USAGE = YES_ERROR;
				CLANG_WARN_DOCUMENTATION_COMMENTS = YES;
				CLANG_WARN_EMPTY_BODY = YES;
				CLANG_WARN_ENUM_CONVERSION = YES;
				CLANG_WARN_INFINITE_RECURSION = YES;
				CLANG_WARN_INT_CONVERSION = YES;
				CLANG_WARN_NON_LITERAL_NULL_CONVERSION = YES;
				CLANG_WARN_OBJC_IMPLICIT_RETAIN_SELF = YES;
				CLANG_WARN_OBJC_LITERAL_CONVERSION = YES;
				CLANG_WARN_OBJC_ROOT_CLASS = YES_ERROR;
				CLANG_WARN_QUOTED_INCLUDE_IN_FRAMEWORK_HEADER = YES;
				CLANG_WARN_RANGE_LOOP_ANALYSIS = YES;
				CLANG_WARN_STRICT_PROTOTYPES = YES;
				CLANG_WARN_SUSPICIOUS_MOVE = YES;
				CLANG_WARN_UNGUARDED_AVAILABILITY = YES_AGGRESSIVE;
				CLANG_WARN_UNREACHABLE_CODE = YES;
				CLANG_WARN__DUPLICATE_METHOD_MATCH = YES;
				COPY_PHASE_STRIP = NO;
				DEBUG_INFORMATION_FORMAT = dwarf;
				ENABLE_STRICT_OBJC_MSGSEND = YES;
				ENABLE_TESTABILITY = YES;
				ENABLE_USER_SCRIPT_SANDBOXING = YES;
				GCC_C_LANGUAGE_STANDARD = gnu17;
				GCC_DYNAMIC_NO_PIC = NO;
				GCC_NO_COMMON_BLOCKS = YES;
				GCC_OPTIMIZATION_LEVEL = 0;
				GCC_PREPROCESSOR_DEFINITIONS = (
					"DEBUG=1",
					"$(inherited)",
				);
				GCC_WARN_64_TO_32_BIT_CONVERSION = YES;
				GCC_WARN_ABOUT_RETURN_TYPE = YES_ERROR;
				GCC_WARN_UNDECLARED_SELECTOR = YES;
				GCC_WARN_UNINITIALIZED_AUTOS = YES_AGGRESSIVE;
				GCC_WARN_UNUSED_FUNCTION = YES;
				GCC_WARN_UNUSED_VARIABLE = YES;
				LOCALIZATION_PREFERS_STRING_CATALOGS = YES;
				MACOSX_DEPLOYMENT_TARGET = 14.2;
				MTL_ENABLE_DEBUG_INFO = INCLUDE_SOURCE;
				MTL_FAST_MATH = YES;
				ONLY_ACTIVE_ARCH = YES;
				SDKROOT = macosx;
			};
			name = Debug;
		};
		388E65912B7B6ABF00901155 /* Release */ = {
			isa = XCBuildConfiguration;
			buildSettings = {
				ALWAYS_SEARCH_USER_PATHS = NO;
				ASSETCATALOG_COMPILER_GENERATE_SWIFT_ASSET_SYMBOL_EXTENSIONS = YES;
				CLANG_ANALYZER_NONNULL = YES;
				CLANG_ANALYZER_NUMBER_OBJECT_CONVERSION = YES_AGGRESSIVE;
				CLANG_CXX_LANGUAGE_STANDARD = "gnu++20";
				CLANG_ENABLE_MODULES = YES;
				CLANG_ENABLE_OBJC_ARC = YES;
				CLANG_ENABLE_OBJC_WEAK = YES;
				CLANG_WARN_BLOCK_CAPTURE_AUTORELEASING = YES;
				CLANG_WARN_BOOL_CONVERSION = YES;
				CLANG_WARN_COMMA = YES;
				CLANG_WARN_CONSTANT_CONVERSION = YES;
				CLANG_WARN_DEPRECATED_OBJC_IMPLEMENTATIONS = YES;
				CLANG_WARN_DIRECT_OBJC_ISA_USAGE = YES_ERROR;
				CLANG_WARN_DOCUMENTATION_COMMENTS = YES;
				CLANG_WARN_EMPTY_BODY = YES;
				CLANG_WARN_ENUM_CONVERSION = YES;
				CLANG_WARN_INFINITE_RECURSION = YES;
				CLANG_WARN_INT_CONVERSION = YES;
				CLANG_WARN_NON_LITERAL_NULL_CONVERSION = YES;
				CLANG_WARN_OBJC_IMPLICIT_RETAIN_SELF = YES;
				CLANG_WARN_OBJC_LITERAL_CONVERSION = YES;
				CLANG_WARN_OBJC_ROOT_CLASS = YES_ERROR;
				CLANG_WARN_QUOTED_INCLUDE_IN_FRAMEWORK_HEADER = YES;
				CLANG_WARN_RANGE_LOOP_ANALYSIS = YES;
				CLANG_WARN_STRICT_PROTOTYPES = YES;
				CLANG_WARN_SUSPICIOUS_MOVE = YES;
				CLANG_WARN_UNGUARDED_AVAILABILITY = YES_AGGRESSIVE;
				CLANG_WARN_UNREACHABLE_CODE = YES;
				CLANG_WARN__DUPLICATE_METHOD_MATCH = YES;
				COPY_PHASE_STRIP = NO;
				DEBUG_INFORMATION_FORMAT = "dwarf-with-dsym";
				ENABLE_NS_ASSERTIONS = NO;
				ENABLE_STRICT_OBJC_MSGSEND = YES;
				ENABLE_USER_SCRIPT_SANDBOXING = YES;
				GCC_C_LANGUAGE_STANDARD = gnu17;
				GCC_NO_COMMON_BLOCKS = YES;
				GCC_WARN_64_TO_32_BIT_CONVERSION = YES;
				GCC_WARN_ABOUT_RETURN_TYPE = YES_ERROR;
				GCC_WARN_UNDECLARED_SELECTOR = YES;
				GCC_WARN_UNINITIALIZED_AUTOS = YES_AGGRESSIVE;
				GCC_WARN_UNUSED_FUNCTION = YES;
				GCC_WARN_UNUSED_VARIABLE = YES;
				LOCALIZATION_PREFERS_STRING_CATALOGS = YES;
				MACOSX_DEPLOYMENT_TARGET = 14.2;
				MTL_ENABLE_DEBUG_INFO = NO;
				MTL_FAST_MATH = YES;
				SDKROOT = macosx;
			};
			name = Release;
		};
		388E65932B7B6ABF00901155 /* Debug */ = {
			isa = XCBuildConfiguration;
			buildSettings = {
				CODE_SIGN_STYLE = Automatic;
				PRODUCT_NAME = "$(TARGET_NAME)";
			};
			name = Debug;
		};
		388E65942B7B6ABF00901155 /* Release */ = {
			isa = XCBuildConfiguration;
			buildSettings = {
				CODE_SIGN_STYLE = Automatic;
				PRODUCT_NAME = "$(TARGET_NAME)";
			};
			name = Release;
		};
/* End XCBuildConfiguration section */

/* Begin XCConfigurationList section */
		388E65862B7B6ABF00901155 /* Build configuration list for PBXProject "TryCatchTask2" */ = {
			isa = XCConfigurationList;
			buildConfigurations = (
				388E65902B7B6ABF00901155 /* Debug */,
				388E65912B7B6ABF00901155 /* Release */,
			);
			defaultConfigurationIsVisible = 0;
			defaultConfigurationName = Release;
		};
		388E65922B7B6ABF00901155 /* Build configuration list for PBXNativeTarget "MultifileTask3" */ = {
			isa = XCConfigurationList;
			buildConfigurations = (
				388E65932B7B6ABF00901155 /* Debug */,
				388E65942B7B6ABF00901155 /* Release */,
			);
			defaultConfigurationIsVisible = 0;
			defaultConfigurationName = Release;
		};
/* End XCConfigurationList section */
	};
	rootObject = 388E65832B7B6ABF00901155 /* Project object */;
}
